
Microsoft Visual Studio Solution File, Format Version 12.00
# Visual Studio Version 16
VisualStudioVersion = 16.0.30611.23
MinimumVisualStudioVersion = 10.0.40219.1
Project("{F184B08F-C81C-45F6-A57F-5ABD9991F28F}") = "(P) MVC- EF", "(P) MVC- EF\(P) MVC- EF.vbproj", "{AC6B403D-AA65-4EFF-990F-C4D9AA3D9458}"
EndProject
Global
	GlobalSection(SolutionConfigurationPlatforms) = preSolution
		Debug|Any CPU = Debug|Any CPU
		Release|Any CPU = Release|Any CPU
	EndGlobalSection
	GlobalSection(ProjectConfigurationPlatforms) = postSolution
		{AC6B403D-AA65-4EFF-990F-C4D9AA3D9458}.Debug|Any CPU.ActiveCfg = Debug|Any CPU
		{AC6B403D-AA65-4EFF-990F-C4D9AA3D9458}.Debug|Any CPU.Build.0 = Debug|Any CPU
		{AC6B403D-AA65-4EFF-990F-C4D9AA3D9458}.Release|Any CPU.ActiveCfg = Release|Any CPU
		{AC6B403D-AA65-4EFF-990F-C4D9AA3D9458}.Release|Any CPU.Build.0 = Release|Any CPU
	EndGlobalSection
	GlobalSection(SolutionProperties) = preSolution
		HideSolutionNode = FALSE
	EndGlobalSection
	GlobalSection(ExtensibilityGlobals) = postSolution
		SolutionGuid = {25B80F5A-91C2-4AF9-A4E8-5BAC69AA466D}
	EndGlobalSection
EndGlobal
